
Microsoft Visual Studio Solution File, Format Version 12.00
# Visual Studio Version 17
VisualStudioVersion = 17.2.32630.192
MinimumVisualStudioVersion = 10.0.40219.1
Project("{FAE04EC0-301F-11D3-BF4B-00C04F79EFBC}") = "Tutorial5", "Tutorial5\Tutorial5.csproj", "{33F081BA-CB62-46DB-8A7F-E4971ADB2850}"
EndProject
Global
	GlobalSection(SolutionConfigurationPlatforms) = preSolution
		Debug|Any CPU = Debug|Any CPU
		Release|Any CPU = Release|Any CPU
	EndGlobalSection
	GlobalSection(ProjectConfigurationPlatforms) = postSolution
		{33F081BA-CB62-46DB-8A7F-E4971ADB2850}.Debug|Any CPU.ActiveCfg = Debug|Any CPU
		{33F081BA-CB62-46DB-8A7F-E4971ADB2850}.Debug|Any CPU.Build.0 = Debug|Any CPU
		{33F081BA-CB62-46DB-8A7F-E4971ADB2850}.Release|Any CPU.ActiveCfg = Release|Any CPU
		{33F081BA-CB62-46DB-8A7F-E4971ADB2850}.Release|Any CPU.Build.0 = Release|Any CPU
	EndGlobalSection
	GlobalSection(SolutionProperties) = preSolution
		HideSolutionNode = FALSE
	EndGlobalSection
	GlobalSection(ExtensibilityGlobals) = postSolution
		SolutionGuid = {B9E96E90-679A-46D4-8B37-50BDE819DDDA}
	EndGlobalSection
EndGlobal
