
Microsoft Visual Studio Solution File, Format Version 12.00
# Visual Studio Version 17
VisualStudioVersion = 17.2.32630.192
MinimumVisualStudioVersion = 10.0.40219.1
Project("{FAE04EC0-301F-11D3-BF4B-00C04F79EFBC}") = "Basicmath", "Basicmath\Basicmath.csproj", "{B04C6EB9-8410-4F58-94B8-0AA442250B1E}"
EndProject
Global
	GlobalSection(SolutionConfigurationPlatforms) = preSolution
		Debug|Any CPU = Debug|Any CPU
		Release|Any CPU = Release|Any CPU
	EndGlobalSection
	GlobalSection(ProjectConfigurationPlatforms) = postSolution
		{B04C6EB9-8410-4F58-94B8-0AA442250B1E}.Debug|Any CPU.ActiveCfg = Debug|Any CPU
		{B04C6EB9-8410-4F58-94B8-0AA442250B1E}.Debug|Any CPU.Build.0 = Debug|Any CPU
		{B04C6EB9-8410-4F58-94B8-0AA442250B1E}.Release|Any CPU.ActiveCfg = Release|Any CPU
		{B04C6EB9-8410-4F58-94B8-0AA442250B1E}.Release|Any CPU.Build.0 = Release|Any CPU
	EndGlobalSection
	GlobalSection(SolutionProperties) = preSolution
		HideSolutionNode = FALSE
	EndGlobalSection
	GlobalSection(ExtensibilityGlobals) = postSolution
		SolutionGuid = {FDFA884D-2F2E-449C-9B4F-EC26D0480967}
	EndGlobalSection
EndGlobal
